{
  "name": "glee-hello-world",
  "version": "0.1.0",
  "lockfileVersion": 2,
  "requires": true,
  "packages": {
    "": {
      "name": "glee-hello-world",
      "version": "0.1.0",
      "license": "Apache-2.0",
      "dependencies": {
        "@asyncapi/glee": "file:../../../../../../glee.worktrees/fix-websocket/"
      },
      "devDependencies": {
        "@types/node": "^20.5.9"
      },
      "engines": {
        "node": ">=14.15.1"
      }
    },
    "../../../../../../glee.worktrees/fix-websocket": {
      "name": "@asyncapi/glee",
      "version": "0.31.5",
      "license": "Apache-2.0",
      "dependencies": {
        "@asyncapi/generator": "^1.15.1",
        "@asyncapi/html-template": "^2.0.0",
        "@asyncapi/markdown-template": "^1.5.0",
        "@asyncapi/parser": "^3.0.0-next-major-spec.12",
        "@types/jest": "^27.4.0",
        "@types/qs": "^6.9.7",
        "ajv": "^6.12.6",
        "async": "^3.2.0",
        "better-ajv-errors": "^0.7.0",
        "bufferutil": "^4.0.3",
        "chalk": "^4.1.1",
        "cross-spawn": "^7.0.3",
        "debug": "^4.3.1",
        "dotenv": "^10.0.0",
        "dotenv-expand": "^5.1.0",
        "emojis": "^1.0.10",
        "eslint-plugin-github": "^4.3.5",
        "eslint-plugin-security": "^1.4.0",
        "got": "^12.5.3",
        "kafkajs": "^2.2.3",
        "mqtt": "^4.3.7",
        "path-to-regexp": "^6.2.0",
        "qs": "^6.11.0",
        "redis": "^4.0.2",
        "socket.io": "^4.1.2",
        "terminal-image": "^2.0.0",
        "typescript": "^4.5.4",
        "uri-templates": "^0.2.0",
        "utf-8-validate": "^5.0.5",
        "uuid": "^8.3.2",
        "walkdir": "^0.4.1",
        "word-wrap": "^1.2.3",
        "ws": "^7.4.6"
      },
      "bin": {
        "glee": "dist/cli/index.js"
      },
      "devDependencies": {
        "@tsconfig/node14": "^1.0.1",
        "@types/async": "^3.2.11",
        "@types/debug": "^4.1.7",
        "@types/socket.io": "^3.0.2",
        "@types/uri-templates": "^0.1.31",
        "@types/ws": "^8.5.3",
        "@typescript-eslint/eslint-plugin": "^5.9.0",
        "@typescript-eslint/parser": "^5.9.0",
        "all-contributors-cli": "^6.14.2",
        "eslint": "^8.6.0",
        "eslint-plugin-jest": "^23.8.2",
        "eslint-plugin-sonarjs": "^0.19.0",
        "fs-extra": "^10.1.0",
        "jest": "^27.4.7",
        "jest-extended": "^1.2.0",
        "jsdoc-to-markdown": "^5.0.3",
        "markdown-toc": "^1.2.0",
        "rimraf": "^3.0.2",
        "ts-jest": "^27.1.2",
        "tsc-watch": "^4.5.0",
        "typedoc": "^0.23.28",
        "typedoc-plugin-markdown": "^3.11.8",
        "unixify": "^1.0.0"
      },
      "engines": {
        "node": "^12.20.0 || ^14.13.1 || >=16.0.0"
      }
    },
    "node_modules/@asyncapi/glee": {
      "resolved": "../../../../../../glee.worktrees/fix-websocket",
      "link": true
    },
    "node_modules/@types/node": {
      "version": "20.5.9",
      "resolved": "https://registry.npmjs.org/@types/node/-/node-20.5.9.tgz",
      "integrity": "sha512-PcGNd//40kHAS3sTlzKB9C9XL4K0sTup8nbG5lC14kzEteTNuAFh9u5nA0o5TWnSG2r/JNPRXFVcHJIIeRlmqQ==",
      "dev": true
    }
  },
  "dependencies": {
    "@asyncapi/glee": {
      "version": "file:../../../../../../glee.worktrees/fix-websocket",
      "requires": {
        "@asyncapi/generator": "^1.15.1",
        "@asyncapi/html-template": "^2.0.0",
        "@asyncapi/markdown-template": "^1.5.0",
        "@asyncapi/parser": "^3.0.0-next-major-spec.12",
        "@tsconfig/node14": "^1.0.1",
        "@types/async": "^3.2.11",
        "@types/debug": "^4.1.7",
        "@types/jest": "^27.4.0",
        "@types/qs": "^6.9.7",
        "@types/socket.io": "^3.0.2",
        "@types/uri-templates": "^0.1.31",
        "@types/ws": "^8.5.3",
        "@typescript-eslint/eslint-plugin": "^5.9.0",
        "@typescript-eslint/parser": "^5.9.0",
        "ajv": "^6.12.6",
        "all-contributors-cli": "^6.14.2",
        "async": "^3.2.0",
        "better-ajv-errors": "^0.7.0",
        "bufferutil": "^4.0.3",
        "chalk": "^4.1.1",
        "cross-spawn": "^7.0.3",
        "debug": "^4.3.1",
        "dotenv": "^10.0.0",
        "dotenv-expand": "^5.1.0",
        "emojis": "^1.0.10",
        "eslint": "^8.6.0",
        "eslint-plugin-github": "^4.3.5",
        "eslint-plugin-jest": "^23.8.2",
        "eslint-plugin-security": "^1.4.0",
        "eslint-plugin-sonarjs": "^0.19.0",
        "fs-extra": "^10.1.0",
        "got": "^12.5.3",
        "jest": "^27.4.7",
        "jest-extended": "^1.2.0",
        "jsdoc-to-markdown": "^5.0.3",
        "kafkajs": "^2.2.3",
        "markdown-toc": "^1.2.0",
        "mqtt": "^4.3.7",
        "path-to-regexp": "^6.2.0",
        "qs": "^6.11.0",
        "redis": "^4.0.2",
        "rimraf": "^3.0.2",
        "socket.io": "^4.1.2",
        "terminal-image": "^2.0.0",
        "ts-jest": "^27.1.2",
        "tsc-watch": "^4.5.0",
        "typedoc": "^0.23.28",
        "typedoc-plugin-markdown": "^3.11.8",
        "typescript": "^4.5.4",
        "unixify": "^1.0.0",
        "uri-templates": "^0.2.0",
        "utf-8-validate": "^5.0.5",
        "uuid": "^8.3.2",
        "walkdir": "^0.4.1",
        "word-wrap": "^1.2.3",
        "ws": "^7.4.6"
      }
    },
    "@types/node": {
      "version": "20.5.9",
      "resolved": "https://registry.npmjs.org/@types/node/-/node-20.5.9.tgz",
      "integrity": "sha512-PcGNd//40kHAS3sTlzKB9C9XL4K0sTup8nbG5lC14kzEteTNuAFh9u5nA0o5TWnSG2r/JNPRXFVcHJIIeRlmqQ==",
      "dev": true
    }
  }
}
